
Microsoft Visual Studio Solution File, Format Version 12.00
# Visual Studio 2012
Project("{FAE04EC0-301F-11D3-BF4B-00C04F79EFBC}") = "ResLoad", "ResLoad\ResLoad.csproj", "{FABC7BDB-CF64-4040-8205-083F15E6D14D}"
EndProject
Global
	GlobalSection(SolutionConfigurationPlatforms) = preSolution
		Debug|x86 = Debug|x86
		Release|x86 = Release|x86
	EndGlobalSection
	GlobalSection(ProjectConfigurationPlatforms) = postSolution
		{FABC7BDB-CF64-4040-8205-083F15E6D14D}.Debug|x86.ActiveCfg = Debug|x86
		{FABC7BDB-CF64-4040-8205-083F15E6D14D}.Debug|x86.Build.0 = Debug|x86
		{FABC7BDB-CF64-4040-8205-083F15E6D14D}.Release|x86.ActiveCfg = Release|x86
		{FABC7BDB-CF64-4040-8205-083F15E6D14D}.Release|x86.Build.0 = Release|x86
	EndGlobalSection
EndGlobal
